
Microsoft Visual Studio Solution File, Format Version 12.00
# Visual Studio Version 17
VisualStudioVersion = 17.14.36511.14 d17.14
MinimumVisualStudioVersion = 10.0.40219.1
Project("{FAE04EC0-301F-11D3-BF4B-00C04F79EFBC}") = "BilleterasBack", "BilleterasBack.csproj", "{5CE2A0FD-815A-7297-54D5-487F54CAB857}"
EndProject
Global
	GlobalSection(SolutionConfigurationPlatforms) = preSolution
		Debug|Any CPU = Debug|Any CPU
		Release|Any CPU = Release|Any CPU
	EndGlobalSection
	GlobalSection(ProjectConfigurationPlatforms) = postSolution
		{5CE2A0FD-815A-7297-54D5-487F54CAB857}.Debug|Any CPU.ActiveCfg = Debug|Any CPU
		{5CE2A0FD-815A-7297-54D5-487F54CAB857}.Debug|Any CPU.Build.0 = Debug|Any CPU
		{5CE2A0FD-815A-7297-54D5-487F54CAB857}.Release|Any CPU.ActiveCfg = Release|Any CPU
		{5CE2A0FD-815A-7297-54D5-487F54CAB857}.Release|Any CPU.Build.0 = Release|Any CPU
	EndGlobalSection
	GlobalSection(SolutionProperties) = preSolution
		HideSolutionNode = FALSE
	EndGlobalSection
	GlobalSection(ExtensibilityGlobals) = postSolution
		SolutionGuid = {ED8E1F96-DEBA-460D-8BB4-790A3945FCC2}
	EndGlobalSection
EndGlobal
